{
  "name": "assets",
  "lockfileVersion": 3,
  "requires": true,
  "packages": {
    "": {
      "dependencies": {
        "braintree-web-drop-in": "^1.46.1"
      }
    },
    "node_modules/@braintree/asset-loader": {
      "version": "2.0.3",
      "resolved": "https://registry.npmjs.org/@braintree/asset-loader/-/asset-loader-2.0.3.tgz",
      "integrity": "sha512-uREap1j30wKRlC0mK99nNPMpEp77NtB6XixpDfFJPZHmkrmw7IB4skKe+26LZBK1H6oSainFhAyKoP7x3eyOKA==",
      "license": "MIT"
    },
    "node_modules/@braintree/browser-detection": {
      "version": "2.0.2",
      "resolved": "https://registry.npmjs.org/@braintree/browser-detection/-/browser-detection-2.0.2.tgz",
      "integrity": "sha512-Zrv/pyodvwv/hsjsBKXKVcwHZOkx4A/5Cy2hViXtqghAhLd3483bYUIfHZJE5JKTrd018ny1FI5pN1PHFtW7vw==",
      "license": "MIT"
    },
    "node_modules/@braintree/event-emitter": {
      "version": "0.4.1",
      "resolved": "https://registry.npmjs.org/@braintree/event-emitter/-/event-emitter-0.4.1.tgz",
      "integrity": "sha512-X41357O3OXUDlnwMvS1m0GQEn3zB3s3flOBeg2J5OBvLvdJEIAVpPkblABPtsPrlciDSvfv1aSG5ixHPgFH0Zg==",
      "license": "MIT"
    },
    "node_modules/@braintree/extended-promise": {
      "version": "1.0.0",
      "resolved": "https://registry.npmjs.org/@braintree/extended-promise/-/extended-promise-1.0.0.tgz",
      "integrity": "sha512-E9529FJNG4OgeeLJ00vNs3TW67+AeSQobJg0hwfsQk29hgK4bVBsvQHVD4nwDuDD1Czon90K88gfQIFadAMs0w==",
      "license": "MIT"
    },
    "node_modules/@braintree/iframer": {
      "version": "2.0.1",
      "resolved": "https://registry.npmjs.org/@braintree/iframer/-/iframer-2.0.1.tgz",
      "integrity": "sha512-t1zJX5+f1yxHAzBJPaQT/XVMocKodUqjTE+hYvuxxWjqEZIbH8/eT5b5n767jY16mYw3+XiDkKHqcp4Pclq1wg==",
      "license": "MIT"
    },
    "node_modules/@braintree/sanitize-url": {
      "version": "7.0.4",
      "resolved": "https://registry.npmjs.org/@braintree/sanitize-url/-/sanitize-url-7.0.4.tgz",
      "integrity": "sha512-hPYRrKFoI+nuckPgDJfyYAkybFvheo4usS0Vw0HNAe+fmGBQA5Az37b/yStO284atBoqqdOUhKJ3d9Zw3PQkcQ==",
      "license": "MIT"
    },
    "node_modules/@braintree/uuid": {
      "version": "1.0.1",
      "resolved": "https://registry.npmjs.org/@braintree/uuid/-/uuid-1.0.1.tgz",
      "integrity": "sha512-Tgu5GoODkf4oj4aLlVIapEPEfjitIHrg5ftqY6pa5Ghr4ZUA9XtZIIZ6ZPdP9x8/X0lt/FB8tRq83QuCQCwOrA==",
      "license": "ISC"
    },
    "node_modules/@braintree/wrap-promise": {
      "version": "2.1.0",
      "resolved": "https://registry.npmjs.org/@braintree/wrap-promise/-/wrap-promise-2.1.0.tgz",
      "integrity": "sha512-UIrJB+AfKU0CCfbMoWrsGpd2D/hBpY/SGgFI6WRHPOwhaZ3g9rz1weiJ6eb6L9KgVyunT7s2tckcPkbHw+NzeA==",
      "license": "MIT"
    },
    "node_modules/@paypal/accelerated-checkout-loader": {
      "version": "1.1.0",
      "resolved": "https://registry.npmjs.org/@paypal/accelerated-checkout-loader/-/accelerated-checkout-loader-1.1.0.tgz",
      "integrity": "sha512-S2KkIpq15VnxYyI0tycvfYiNsqdsg2a92El2huYUVLsWnBbubl8toYK8khaP5nnxZ0MGl9mEB9Y9axmfOw2Yvg==",
      "license": "MIT",
      "dependencies": {
        "@braintree/asset-loader": "2.0.0",
        "envify": "^4.1.0",
        "typescript": "^4.6.4"
      }
    },
    "node_modules/@paypal/accelerated-checkout-loader/node_modules/@braintree/asset-loader": {
      "version": "2.0.0",
      "resolved": "https://registry.npmjs.org/@braintree/asset-loader/-/asset-loader-2.0.0.tgz",
      "integrity": "sha512-7Zs3/g3lPTfkdtWr7cKh3tk1pDruXR++TXwGKkx7BPuTjjLNFul2JSfI+ScHzNU4u/gZNPNQagsSTlYxIhBgMA==",
      "license": "MIT"
    },
    "node_modules/braintree-web": {
      "version": "3.123.2",
      "resolved": "https://registry.npmjs.org/braintree-web/-/braintree-web-3.123.2.tgz",
      "integrity": "sha512-N4IH75vKY67eONc0Ao4e7F+XagFW+3ok+Nfs/eOjw5D/TUt03diMAQ8woOwJghi2ql6/yjqNzZi2zE/sTWXmJg==",
      "license": "MIT",
      "dependencies": {
        "@braintree/asset-loader": "2.0.3",
        "@braintree/browser-detection": "2.0.2",
        "@braintree/event-emitter": "0.4.1",
        "@braintree/extended-promise": "1.0.0",
        "@braintree/iframer": "2.0.1",
        "@braintree/sanitize-url": "7.0.4",
        "@braintree/uuid": "1.0.1",
        "@braintree/wrap-promise": "2.1.0",
        "@paypal/accelerated-checkout-loader": "1.1.0",
        "card-validator": "10.0.3",
        "credit-card-type": "10.0.2",
        "framebus": "6.0.3",
        "inject-stylesheet": "6.0.2",
        "promise-polyfill": "8.2.3",
        "restricted-input": "4.0.3"
      }
    },
    "node_modules/braintree-web-drop-in": {
      "version": "1.46.1",
      "resolved": "https://registry.npmjs.org/braintree-web-drop-in/-/braintree-web-drop-in-1.46.1.tgz",
      "integrity": "sha512-YIMuf/3i/PCeUgQrVDFGjXC8BHNb1ZWACw4KizGNrrdpNeXBXoKApCO4uk8Az9SdLFziqzQ2UN/DqVDluikMCA==",
      "license": "MIT",
      "dependencies": {
        "@braintree/asset-loader": "2.0.3",
        "@braintree/browser-detection": "2.0.2",
        "@braintree/event-emitter": "0.4.1",
        "@braintree/uuid": "1.0.1",
        "@braintree/wrap-promise": "2.1.0",
        "braintree-web": "3.123.2"
      }
    },
    "node_modules/card-validator": {
      "version": "10.0.3",
      "resolved": "https://registry.npmjs.org/card-validator/-/card-validator-10.0.3.tgz",
      "integrity": "sha512-xOEDsK3hojV0OIpmrR64eZGpngnOqRDEP20O+WSRtvjLSW6nyekW4i2N9SzYg679uFO3RyHcFHxb+mml5tXc4A==",
      "license": "MIT",
      "dependencies": {
        "credit-card-type": "^10.0.2"
      }
    },
    "node_modules/credit-card-type": {
      "version": "10.0.2",
      "resolved": "https://registry.npmjs.org/credit-card-type/-/credit-card-type-10.0.2.tgz",
      "integrity": "sha512-vt/iQokU0mtrT7ceRU75FSmWnIh5JFpLsUUUWYRmztYekOGm0ZbCuzwFTbNkq41k92y+0B8ChscFhRN9DhVZEA==",
      "license": "MIT"
    },
    "node_modules/envify": {
      "version": "4.1.0",
      "resolved": "https://registry.npmjs.org/envify/-/envify-4.1.0.tgz",
      "integrity": "sha512-IKRVVoAYr4pIx4yIWNsz9mOsboxlNXiu7TNBnem/K/uTHdkyzXWDzHCK7UTolqBbgaBz0tQHsD3YNls0uIIjiw==",
      "license": "MIT",
      "dependencies": {
        "esprima": "^4.0.0",
        "through": "~2.3.4"
      },
      "bin": {
        "envify": "bin/envify"
      }
    },
    "node_modules/esprima": {
      "version": "4.0.1",
      "resolved": "https://registry.npmjs.org/esprima/-/esprima-4.0.1.tgz",
      "integrity": "sha512-eGuFFw7Upda+g4p+QHvnW0RyTX/SVeJBDM/gCtMARO0cLuT2HcEKnTPvhjV6aGeqrCB/sbNop0Kszm0jsaWU4A==",
      "license": "BSD-2-Clause",
      "bin": {
        "esparse": "bin/esparse.js",
        "esvalidate": "bin/esvalidate.js"
      },
      "engines": {
        "node": ">=4"
      }
    },
    "node_modules/framebus": {
      "version": "6.0.3",
      "resolved": "https://registry.npmjs.org/framebus/-/framebus-6.0.3.tgz",
      "integrity": "sha512-G/N2p+kFZ1xPBge7tbtTq2KcTR1kSKs1rVbTqH//WdtvJSexS33fsTTOq3yfUWvUczqhujyaFc+omawC9YyRBg==",
      "license": "MIT",
      "dependencies": {
        "@braintree/uuid": "^1.0.0"
      }
    },
    "node_modules/inject-stylesheet": {
      "version": "6.0.2",
      "resolved": "https://registry.npmjs.org/inject-stylesheet/-/inject-stylesheet-6.0.2.tgz",
      "integrity": "sha512-sswMueya1LXEfwcy7KXPuq3zAW6HvgAeViApEhIaCviCkP4XYoKrQj8ftEmxPmIHn88X4R3xOAsnN/QCPvVKWw==",
      "license": "MIT"
    },
    "node_modules/promise-polyfill": {
      "version": "8.2.3",
      "resolved": "https://registry.npmjs.org/promise-polyfill/-/promise-polyfill-8.2.3.tgz",
      "integrity": "sha512-Og0+jCRQetV84U8wVjMNccfGCnMQ9mGs9Hv78QFe+pSDD3gWTpz0y+1QCuxy5d/vBFuZ3iwP2eycAkvqIMPmWg==",
      "license": "MIT"
    },
    "node_modules/restricted-input": {
      "version": "4.0.3",
      "resolved": "https://registry.npmjs.org/restricted-input/-/restricted-input-4.0.3.tgz",
      "integrity": "sha512-VpkwT5Fr3DhvoRZfPnmHDhnYAYETjjNzDlvA4NlW0iknFS47C5X4OCHEpOOxaPjvmka5V8d1ty1jVVoorZKvHg==",
      "license": "MIT",
      "dependencies": {
        "@braintree/browser-detection": "^1.17.2"
      }
    },
    "node_modules/restricted-input/node_modules/@braintree/browser-detection": {
      "version": "1.17.2",
      "resolved": "https://registry.npmjs.org/@braintree/browser-detection/-/browser-detection-1.17.2.tgz",
      "integrity": "sha512-DdEX09uYs6kHwGt4cbONlxlta/0hfmrDUncP6EtfZxFVywNF9LeRUyon+2LihJTbqgSnGqz9ZL450hkqBd6oSw==",
      "license": "MIT"
    },
    "node_modules/through": {
      "version": "2.3.8",
      "resolved": "https://registry.npmjs.org/through/-/through-2.3.8.tgz",
      "integrity": "sha512-w89qg7PI8wAdvX60bMDP+bFoD5Dvhm9oLheFp5O4a2QF0cSBGsBX4qZmadPMvVqlLJBBci+WqGGOAPvcDeNSVg==",
      "license": "MIT"
    },
    "node_modules/typescript": {
      "version": "4.9.5",
      "resolved": "https://registry.npmjs.org/typescript/-/typescript-4.9.5.tgz",
      "integrity": "sha512-1FXk9E2Hm+QzZQ7z+McJiHL4NW1F2EzMu9Nq9i3zAaGqibafqYwCVU6WyWAuyQRRzOlxou8xZSyXLEN8oKj24g==",
      "license": "Apache-2.0",
      "bin": {
        "tsc": "bin/tsc",
        "tsserver": "bin/tsserver"
      },
      "engines": {
        "node": ">=4.2.0"
      }
    }
  }
}
